
Microsoft Visual Studio Solution File, Format Version 11.00
# Visual C++ Express 2010
Project("{8BC9CEB8-8B4A-11D0-8D11-00A0C91BC942}") = "elevatorSim", "elevatorSim.vcxproj", "{3EAE1861-08AA-E322-84BF-000B81ED659C}"
EndProject
Global
	GlobalSection(SolutionConfigurationPlatforms) = preSolution
		build|Win32 = build|Win32
	EndGlobalSection
	GlobalSection(ProjectConfigurationPlatforms) = postSolution
		{3EAE1861-08AA-E322-84BF-000B81ED659C}.build|Win32.ActiveCfg = Debug|Win32
		{3EAE1861-08AA-E322-84BF-000B81ED659C}.build|Win32.Build.0 = Debug|Win32
	EndGlobalSection
	GlobalSection(SolutionProperties) = preSolution
		HideSolutionNode = FALSE
	EndGlobalSection
EndGlobal
